# THIS IS AN AUTOGENERATED FILE. DO NOT EDIT THIS FILE DIRECTLY.
# yarn lockfile v1


"@types/node@^22.0.2":
  version "22.0.2"
  resolved "https://registry.yarnpkg.com/@types/node/-/node-22.0.2.tgz#9fb1a2b31970871e8bf696f0e8a40d2e6d2bd04e"
  integrity sha512-yPL6DyFwY5PiMVEwymNeqUTKsDczQBJ/5T7W/46RwLU/VH+AA8aT5TZkvBviLKLbbm0hlfftEkGrNzfRk/fofQ==
  dependencies:
    undici-types "~6.11.1"

typescript@^5.5.4:
  version "5.5.4"
  resolved "https://registry.yarnpkg.com/typescript/-/typescript-5.5.4.tgz#d9852d6c82bad2d2eda4fd74a5762a8f5909e9ba"
  integrity sha512-Mtq29sKDAEYP7aljRgtPOpTvOfbwRWlS6dPRzwjdE+C0R4brX/GUyhHSecbHMFLNBLcJIPt9nl9yG5TZ1weH+Q==

undici-types@~6.11.1:
  version "6.11.1"
  resolved "https://registry.yarnpkg.com/undici-types/-/undici-types-6.11.1.tgz#432ea6e8efd54a48569705a699e62d8f4981b197"
  integrity sha512-mIDEX2ek50x0OlRgxryxsenE5XaQD4on5U2inY7RApK3SOJpofyw7uW2AyfMKkhAxXIceo2DeWGVGwyvng1GNQ==
